kleos.unice.fr/peix/argo v0.1.2 h1:Ev0/2kzdeWlpQjB8ho/27anSdLVtEoB8fYJpP6WMm5U=
kleos.unice.fr/peix/argo v0.1.2/go.mod h1:KGxVhhcG384IzIAOkHOdg92fCahb5P7FAOKgkoN9Mxs=
kleos.unice.fr/peix/golog v0.9.5 h1:ZZC24fc7m/o1wgKsxC3C78kg/ZNZQ8mOYgN5n+2GgYg=
kleos.unice.fr/peix/golog v0.9.5/go.mod h1:FMqkjJGvRHSDUaZAydPb3Gq039KKc59dL6vuJZ2teNU=
kleos.unice.fr/peix/gsds v0.0.5 h1:5OIxA3+XQiqBPc8IyO9JvXWv2TMXVXjL2jA+kUgIUwU=
kleos.unice.fr/peix/gsds v0.0.5/go.mod h1:UuXR066VcRbhaBeaupjFEPTK8ANi/8yoayxY+qkhyQI=
kleos.unice.fr/peix/gseed v1.2.20 h1:F3PziTmuP5IxcpVa73OjV+uggFKEbM8KzMp7tSNcSlA=
kleos.unice.fr/peix/gseed v1.2.20/go.mod h1:3cg0/w5L46Ya+oYZAX/XThZNZwg0DEIq67bRb8dZtXc=
kleos.unice.fr/peix/gslink v0.0.10 h1:5pf+PrZ644ZsYIHf7nvr9Yt5hswqZ7m6ru5D09Figog=
kleos.unice.fr/peix/gslink v0.0.10/go.mod h1:xJEhE/cm/YiepHlLGqyTOlN7q4OfjSSWyy38AuSaoJs=
kleos.unice.fr/peix/slinkgo v1.2.4 h1:x93X2dMOaAzp/P3zKxEJy1vnSIiHmcoe5tKtChVO7Wk=
kleos.unice.fr/peix/slinkgo v1.2.4/go.mod h1:kGk0AbLx+rTN0p4+5j/naZh3mD+oWcr3X6ukoYrvXg0=
kleos.unice.fr/peix/timeperiod v1.0.2 h1:CvjZuD0TPQB/ESApnjuZHdG9IL79kBL3Kex3ke7mcdQ=
kleos.unice.fr/peix/timeperiod v1.0.2/go.mod h1:YPGctzy7HV3YYFA4yy8SuAo4LlhyTs1NrYofcpOmX0k=
